
Microsoft Visual Studio Solution File, Format Version 12.00
Project("{FAE04EC0-301F-11D3-BF4B-00C04F79EFBC}") = "RentARaceCar", "RentARaceCar\RentARaceCar.csproj", "{F9703282-26CF-4C80-BEC8-671A3D221CAA}"
EndProject
Global
	GlobalSection(SolutionConfigurationPlatforms) = preSolution
		Debug|Any CPU = Debug|Any CPU
		Release|Any CPU = Release|Any CPU
	EndGlobalSection
	GlobalSection(ProjectConfigurationPlatforms) = postSolution
		{F9703282-26CF-4C80-BEC8-671A3D221CAA}.Debug|Any CPU.ActiveCfg = Debug|Any CPU
		{F9703282-26CF-4C80-BEC8-671A3D221CAA}.Debug|Any CPU.Build.0 = Debug|Any CPU
		{F9703282-26CF-4C80-BEC8-671A3D221CAA}.Release|Any CPU.ActiveCfg = Release|Any CPU
		{F9703282-26CF-4C80-BEC8-671A3D221CAA}.Release|Any CPU.Build.0 = Release|Any CPU
	EndGlobalSection
EndGlobal
